{
  "name": "game",
  "version": "1.0.0",
  "lockfileVersion": 2,
  "requires": true,
  "packages": {
    "": {
      "name": "game",
      "version": "1.0.0",
      "license": "ISC",
      "dependencies": {
        "kaboom": "^2000.1.8",
        "rsocket-core": "^0.0.27",
        "rsocket-tcp-client": "^0.0.27",
        "rsocket-websocket-client": "^0.0.27"
      },
      "devDependencies": {
        "typescript": "^4.5.4"
      }
    },
    "node_modules/kaboom": {
      "version": "2000.1.8",
      "resolved": "https://registry.npmjs.org/kaboom/-/kaboom-2000.1.8.tgz",
      "integrity": "sha512-NNndGkxZ2Wa+BjPU4DEMMVrwAtUOOiIrnqqyPneExPXo+t3ixOtZEGZ7gUZG3oILnqzCcTSeNyHeZYjPfT37Bg=="
    },
    "node_modules/rsocket-core": {
      "version": "0.0.27",
      "resolved": "https://registry.npmjs.org/rsocket-core/-/rsocket-core-0.0.27.tgz",
      "integrity": "sha512-q/+8PY0BIPvwXb6jPsnKCdyUKFusrm4JDzWnxbW1Ywu2sG/suv28/+mHC7kRGtMnRsxsLAWnqsmI6EznTabItA==",
      "dependencies": {
        "rsocket-flowable": "^0.0.27",
        "rsocket-types": "^0.0.27"
      }
    },
    "node_modules/rsocket-flowable": {
      "version": "0.0.27",
      "resolved": "https://registry.npmjs.org/rsocket-flowable/-/rsocket-flowable-0.0.27.tgz",
      "integrity": "sha512-I/1vETXP+qCfGFeMY8i+QLhyBpcEj0nDmWnP2vh7lDyOBNT9LjAiY6kigUzEHbfhoNe3vnJWYK6uCzxIsi622Q=="
    },
    "node_modules/rsocket-tcp-client": {
      "version": "0.0.27",
      "resolved": "https://registry.npmjs.org/rsocket-tcp-client/-/rsocket-tcp-client-0.0.27.tgz",
      "integrity": "sha512-qT3D2npQJf/ZkMZY0qbeJOpYY03J2fNwzNhDFGqmOP9DLGHEhPLUU9X8m8frPxBCIskAfKX0WgNeHZx5VS5GmA==",
      "dependencies": {
        "rsocket-core": "^0.0.27",
        "rsocket-flowable": "^0.0.27",
        "rsocket-types": "^0.0.27"
      }
    },
    "node_modules/rsocket-types": {
      "version": "0.0.27",
      "resolved": "https://registry.npmjs.org/rsocket-types/-/rsocket-types-0.0.27.tgz",
      "integrity": "sha512-88vgA+d31a6wW5YP63jQZ0CqZ3DALtH4oCbuMtIcNy28m1kDYGPZunhsnw+YC/XtjOqb5hKhn10ZQm7OK2xc1g==",
      "dependencies": {
        "rsocket-flowable": "^0.0.27"
      }
    },
    "node_modules/rsocket-websocket-client": {
      "version": "0.0.27",
      "resolved": "https://registry.npmjs.org/rsocket-websocket-client/-/rsocket-websocket-client-0.0.27.tgz",
      "integrity": "sha512-1BX2O1C1R5W78kI7J5E/nbzxawUOceLggeG1b7rnIGZgCbnftGoIOF5xU/Q268UCE4NNtaDRED4xSHJpdAVFBw==",
      "dependencies": {
        "rsocket-core": "^0.0.27",
        "rsocket-flowable": "^0.0.27",
        "rsocket-types": "^0.0.27"
      }
    },
    "node_modules/typescript": {
      "version": "4.5.4",
      "resolved": "https://registry.npmjs.org/typescript/-/typescript-4.5.4.tgz",
      "integrity": "sha512-VgYs2A2QIRuGphtzFV7aQJduJ2gyfTljngLzjpfW9FoYZF6xuw1W0vW9ghCKLfcWrCFxK81CSGRAvS1pn4fIUg==",
      "dev": true,
      "bin": {
        "tsc": "bin/tsc",
        "tsserver": "bin/tsserver"
      },
      "engines": {
        "node": ">=4.2.0"
      }
    }
  },
  "dependencies": {
    "kaboom": {
      "version": "2000.1.8",
      "resolved": "https://registry.npmjs.org/kaboom/-/kaboom-2000.1.8.tgz",
      "integrity": "sha512-NNndGkxZ2Wa+BjPU4DEMMVrwAtUOOiIrnqqyPneExPXo+t3ixOtZEGZ7gUZG3oILnqzCcTSeNyHeZYjPfT37Bg=="
    },
    "rsocket-core": {
      "version": "0.0.27",
      "resolved": "https://registry.npmjs.org/rsocket-core/-/rsocket-core-0.0.27.tgz",
      "integrity": "sha512-q/+8PY0BIPvwXb6jPsnKCdyUKFusrm4JDzWnxbW1Ywu2sG/suv28/+mHC7kRGtMnRsxsLAWnqsmI6EznTabItA==",
      "requires": {
        "rsocket-flowable": "^0.0.27",
        "rsocket-types": "^0.0.27"
      }
    },
    "rsocket-flowable": {
      "version": "0.0.27",
      "resolved": "https://registry.npmjs.org/rsocket-flowable/-/rsocket-flowable-0.0.27.tgz",
      "integrity": "sha512-I/1vETXP+qCfGFeMY8i+QLhyBpcEj0nDmWnP2vh7lDyOBNT9LjAiY6kigUzEHbfhoNe3vnJWYK6uCzxIsi622Q=="
    },
    "rsocket-tcp-client": {
      "version": "0.0.27",
      "resolved": "https://registry.npmjs.org/rsocket-tcp-client/-/rsocket-tcp-client-0.0.27.tgz",
      "integrity": "sha512-qT3D2npQJf/ZkMZY0qbeJOpYY03J2fNwzNhDFGqmOP9DLGHEhPLUU9X8m8frPxBCIskAfKX0WgNeHZx5VS5GmA==",
      "requires": {
        "rsocket-core": "^0.0.27",
        "rsocket-flowable": "^0.0.27",
        "rsocket-types": "^0.0.27"
      }
    },
    "rsocket-types": {
      "version": "0.0.27",
      "resolved": "https://registry.npmjs.org/rsocket-types/-/rsocket-types-0.0.27.tgz",
      "integrity": "sha512-88vgA+d31a6wW5YP63jQZ0CqZ3DALtH4oCbuMtIcNy28m1kDYGPZunhsnw+YC/XtjOqb5hKhn10ZQm7OK2xc1g==",
      "requires": {
        "rsocket-flowable": "^0.0.27"
      }
    },
    "rsocket-websocket-client": {
      "version": "0.0.27",
      "resolved": "https://registry.npmjs.org/rsocket-websocket-client/-/rsocket-websocket-client-0.0.27.tgz",
      "integrity": "sha512-1BX2O1C1R5W78kI7J5E/nbzxawUOceLggeG1b7rnIGZgCbnftGoIOF5xU/Q268UCE4NNtaDRED4xSHJpdAVFBw==",
      "requires": {
        "rsocket-core": "^0.0.27",
        "rsocket-flowable": "^0.0.27",
        "rsocket-types": "^0.0.27"
      }
    },
    "typescript": {
      "version": "4.5.4",
      "resolved": "https://registry.npmjs.org/typescript/-/typescript-4.5.4.tgz",
      "integrity": "sha512-VgYs2A2QIRuGphtzFV7aQJduJ2gyfTljngLzjpfW9FoYZF6xuw1W0vW9ghCKLfcWrCFxK81CSGRAvS1pn4fIUg==",
      "dev": true
    }
  }
}
